
Microsoft Visual Studio Solution File, Format Version 12.00
# Visual Studio Version 17
VisualStudioVersion = 17.10.34928.147
MinimumVisualStudioVersion = 10.0.40219.1
Project("{FAE04EC0-301F-11D3-BF4B-00C04F79EFBC}") = "WebAPI", "WebAPI\WebAPI.csproj", "{78D5B540-B9B0-44C8-A74F-7E4F6C99AC82}"
EndProject
Global
	GlobalSection(SolutionConfigurationPlatforms) = preSolution
		Debug|Any CPU = Debug|Any CPU
		Release|Any CPU = Release|Any CPU
	EndGlobalSection
	GlobalSection(ProjectConfigurationPlatforms) = postSolution
		{78D5B540-B9B0-44C8-A74F-7E4F6C99AC82}.Debug|Any CPU.ActiveCfg = Debug|Any CPU
		{78D5B540-B9B0-44C8-A74F-7E4F6C99AC82}.Debug|Any CPU.Build.0 = Debug|Any CPU
		{78D5B540-B9B0-44C8-A74F-7E4F6C99AC82}.Release|Any CPU.ActiveCfg = Release|Any CPU
		{78D5B540-B9B0-44C8-A74F-7E4F6C99AC82}.Release|Any CPU.Build.0 = Release|Any CPU
	EndGlobalSection
	GlobalSection(SolutionProperties) = preSolution
		HideSolutionNode = FALSE
	EndGlobalSection
	GlobalSection(ExtensibilityGlobals) = postSolution
		SolutionGuid = {505461CE-A3B8-415F-ABE7-7498EC66CD71}
	EndGlobalSection
EndGlobal
